// !$*UTF8*$!
{
	archiveVersion = 1;
	classes = {
	};
	objectVersion = 46;
	objects = {

/* Begin PBXBuildFile section */
		1475A92E169EF79800761BFB /* UIKit.framework in Frameworks */ = {isa = PBXBuildFile; fileRef = 1475A92D169EF79800761BFB /* UIKit.framework */; };
		1475A930169EF79800761BFB /* Foundation.framework in Frameworks */ = {isa = PBXBuildFile; fileRef = 1475A92F169EF79800761BFB /* Foundation.framework */; };
		1475A932169EF79800761BFB /* CoreGraphics.framework in Frameworks */ = {isa = PBXBuildFile; fileRef = 1475A931169EF79800761BFB /* CoreGraphics.framework */; };
		1475A938169EF79800761BFB /* InfoPlist.strings in Resources */ = {isa = PBXBuildFile; fileRef = 1475A936169EF79800761BFB /* InfoPlist.strings */; };
		1475A93A169EF79800761BFB /* main.m in Sources */ = {isa = PBXBuildFile; fileRef = 1475A939169EF79800761BFB /* main.m */; };
		1475A93E169EF79800761BFB /* AppDelegate.m in Sources */ = {isa = PBXBuildFile; fileRef = 1475A93D169EF79800761BFB /* AppDelegate.m */; };
		1475A941169EF79800761BFB /* ViewController.m in Sources */ = {isa = PBXBuildFile; fileRef = 1475A940169EF79800761BFB /* ViewController.m */; };
		1475A944169EF79800761BFB /* ViewController.xib in Resources */ = {isa = PBXBuildFile; fileRef = 1475A942169EF79800761BFB /* ViewController.xib */; };
		1475A954169EF99C00761BFB /* bigbenstrikes.m4a in Resources */ = {isa = PBXBuildFile; fileRef = 1475A950169EF99C00761BFB /* bigbenstrikes.m4a */; };
		1475A955169EF99C00761BFB /* hourlychimebeg.mp3 in Resources */ = {isa = PBXBuildFile; fileRef = 1475A951169EF99C00761BFB /* hourlychimebeg.mp3 */; };
		1475A956169EF99C00761BFB /* hourlychimebeg.m4a in Resources */ = {isa = PBXBuildFile; fileRef = 1475A952169EF99C00761BFB /* hourlychimebeg.m4a */; };
		1475A957169EF99C00761BFB /* bigbenstrikes.mp3 in Resources */ = {isa = PBXBuildFile; fileRef = 1475A953169EF99C00761BFB /* bigbenstrikes.mp3 */; };
		14A9B1AF16A2493900726923 /* ViewController_iPhone.m in Sources */ = {isa = PBXBuildFile; fileRef = 14A9B1AD16A2493900726923 /* ViewController_iPhone.m */; };
		14A9B1B016A2493900726923 /* ViewController_iPhone.xib in Resources */ = {isa = PBXBuildFile; fileRef = 14A9B1AE16A2493900726923 /* ViewController_iPhone.xib */; };
		14FC26B316A2CA5900BD860C /* SetViewController_iPhone.m in Sources */ = {isa = PBXBuildFile; fileRef = 14FC26B116A2CA5900BD860C /* SetViewController_iPhone.m */; };
		14FC26B416A2CA5900BD860C /* SetViewController_iPhone.xib in Resources */ = {isa = PBXBuildFile; fileRef = 14FC26B216A2CA5900BD860C /* SetViewController_iPhone.xib */; };
/* End PBXBuildFile section */

/* Begin PBXFileReference section */
		1475A929169EF79800761BFB /* ChimeClockHD.app */ = {isa = PBXFileReference; explicitFileType = wrapper.application; includeInIndex = 0; path = ChimeClockHD.app; sourceTree = BUILT_PRODUCTS_DIR; };
		1475A92D169EF79800761BFB /* UIKit.framework */ = {isa = PBXFileReference; lastKnownFileType = wrapper.framework; name = UIKit.framework; path = System/Library/Frameworks/UIKit.framework; sourceTree = SDKROOT; };
		1475A92F169EF79800761BFB /* Foundation.framework */ = {isa = PBXFileReference; lastKnownFileType = wrapper.framework; name = Foundation.framework; path = System/Library/Frameworks/Foundation.framework; sourceTree = SDKROOT; };
		1475A931169EF79800761BFB /* CoreGraphics.framework */ = {isa = PBXFileReference; lastKnownFileType = wrapper.framework; name = CoreGraphics.framework; path = System/Library/Frameworks/CoreGraphics.framework; sourceTree = SDKROOT; };
		1475A935169EF79800761BFB /* ChimeClockHD-Info.plist */ = {isa = PBXFileReference; lastKnownFileType = text.plist.xml; path = "ChimeClockHD-Info.plist"; sourceTree = "<group>"; };
		1475A937169EF79800761BFB /* en */ = {isa = PBXFileReference; lastKnownFileType = text.plist.strings; name = en; path = en.lproj/InfoPlist.strings; sourceTree = "<group>"; };
		1475A939169EF79800761BFB /* main.m */ = {isa = PBXFileReference; lastKnownFileType = sourcecode.c.objc; path = main.m; sourceTree = "<group>"; };
		1475A93B169EF79800761BFB /* ChimeClockHD-Prefix.pch */ = {isa = PBXFileReference; lastKnownFileType = sourcecode.c.h; path = "ChimeClockHD-Prefix.pch"; sourceTree = "<group>"; };
		1475A93C169EF79800761BFB /* AppDelegate.h */ = {isa = PBXFileReference; lastKnownFileType = sourcecode.c.h; path = AppDelegate.h; sourceTree = "<group>"; };
		1475A93D169EF79800761BFB /* AppDelegate.m */ = {isa = PBXFileReference; lastKnownFileType = sourcecode.c.objc; path = AppDelegate.m; sourceTree = "<group>"; };
		1475A93F169EF79800761BFB /* ViewController.h */ = {isa = PBXFileReference; lastKnownFileType = sourcecode.c.h; path = ViewController.h; sourceTree = "<group>"; };
		1475A940169EF79800761BFB /* ViewController.m */ = {isa = PBXFileReference; lastKnownFileType = sourcecode.c.objc; path = ViewController.m; sourceTree = "<group>"; };
		1475A943169EF79800761BFB /* en */ = {isa = PBXFileReference; lastKnownFileType = file.xib; name = en; path = en.lproj/ViewController.xib; sourceTree = "<group>"; };
		1475A950169EF99C00761BFB /* bigbenstrikes.m4a */ = {isa = PBXFileReference; lastKnownFileType = file; path = bigbenstrikes.m4a; sourceTree = "<group>"; };
		1475A951169EF99C00761BFB /* hourlychimebeg.mp3 */ = {isa = PBXFileReference; lastKnownFileType = audio.mp3; path = hourlychimebeg.mp3; sourceTree = "<group>"; };
		1475A952169EF99C00761BFB /* hourlychimebeg.m4a */ = {isa = PBXFileReference; lastKnownFileType = file; path = hourlychimebeg.m4a; sourceTree = "<group>"; };
		1475A953169EF99C00761BFB /* bigbenstrikes.mp3 */ = {isa = PBXFileReference; lastKnownFileType = audio.mp3; path = bigbenstrikes.mp3; sourceTree = "<group>"; };
		14A9B1AC16A2493900726923 /* ViewController_iPhone.h */ = {isa = PBXFileReference; fileEncoding = 4; lastKnownFileType = sourcecode.c.h; path = ViewController_iPhone.h; sourceTree = "<group>"; };
		14A9B1AD16A2493900726923 /* ViewController_iPhone.m */ = {isa = PBXFileReference; fileEncoding = 4; lastKnownFileType = sourcecode.c.objc; path = ViewController_iPhone.m; sourceTree = "<group>"; };
		14A9B1AE16A2493900726923 /* ViewController_iPhone.xib */ = {isa = PBXFileReference; fileEncoding = 4; lastKnownFileType = file.xib; path = ViewController_iPhone.xib; sourceTree = "<group>"; };
		14A9B1B116A249AF00726923 /* const.h */ = {isa = PBXFileReference; fileEncoding = 4; lastKnownFileType = sourcecode.c.h; path = const.h; sourceTree = "<group>"; };
		14FC26B016A2CA5900BD860C /* SetViewController_iPhone.h */ = {isa = PBXFileReference; fileEncoding = 4; lastKnownFileType = sourcecode.c.h; path = SetViewController_iPhone.h; sourceTree = "<group>"; };
		14FC26B116A2CA5900BD860C /* SetViewController_iPhone.m */ = {isa = PBXFileReference; fileEncoding = 4; lastKnownFileType = sourcecode.c.objc; path = SetViewController_iPhone.m; sourceTree = "<group>"; };
		14FC26B216A2CA5900BD860C /* SetViewController_iPhone.xib */ = {isa = PBXFileReference; fileEncoding = 4; lastKnownFileType = file.xib; path = SetViewController_iPhone.xib; sourceTree = "<group>"; };
/* End PBXFileReference section */

/* Begin PBXFrameworksBuildPhase section */
		1475A926169EF79700761BFB /* Frameworks */ = {
			isa = PBXFrameworksBuildPhase;
			buildActionMask = 2147483647;
			files = (
				1475A92E169EF79800761BFB /* UIKit.framework in Frameworks */,
				1475A930169EF79800761BFB /* Foundation.framework in Frameworks */,
				1475A932169EF79800761BFB /* CoreGraphics.framework in Frameworks */,
			);
			runOnlyForDeploymentPostprocessing = 0;
		};
/* End PBXFrameworksBuildPhase section */

/* Begin PBXGroup section */
		1475A91E169EF79700761BFB = {
			isa = PBXGroup;
			children = (
				1475A933169EF79800761BFB /* ChimeClockHD */,
				1475A92C169EF79800761BFB /* Frameworks */,
				1475A92A169EF79800761BFB /* Products */,
			);
			sourceTree = "<group>";
		};
		1475A92A169EF79800761BFB /* Products */ = {
			isa = PBXGroup;
			children = (
				1475A929169EF79800761BFB /* ChimeClockHD.app */,
			);
			name = Products;
			sourceTree = "<group>";
		};
		1475A92C169EF79800761BFB /* Frameworks */ = {
			isa = PBXGroup;
			children = (
				1475A92D169EF79800761BFB /* UIKit.framework */,
				1475A92F169EF79800761BFB /* Foundation.framework */,
				1475A931169EF79800761BFB /* CoreGraphics.framework */,
			);
			name = Frameworks;
			sourceTree = "<group>";
		};
		1475A933169EF79800761BFB /* ChimeClockHD */ = {
			isa = PBXGroup;
			children = (
				1475A93C169EF79800761BFB /* AppDelegate.h */,
				1475A93D169EF79800761BFB /* AppDelegate.m */,
				14A9B1B116A249AF00726923 /* const.h */,
				1475A93F169EF79800761BFB /* ViewController.h */,
				1475A940169EF79800761BFB /* ViewController.m */,
				1475A942169EF79800761BFB /* ViewController.xib */,
				14A9B1AC16A2493900726923 /* ViewController_iPhone.h */,
				14A9B1AD16A2493900726923 /* ViewController_iPhone.m */,
				14A9B1AE16A2493900726923 /* ViewController_iPhone.xib */,
				14FC26B016A2CA5900BD860C /* SetViewController_iPhone.h */,
				14FC26B116A2CA5900BD860C /* SetViewController_iPhone.m */,
				14FC26B216A2CA5900BD860C /* SetViewController_iPhone.xib */,
				1475A934169EF79800761BFB /* Supporting Files */,
			);
			path = ChimeClockHD;
			sourceTree = "<group>";
		};
		1475A934169EF79800761BFB /* Supporting Files */ = {
			isa = PBXGroup;
			children = (
				1475A950169EF99C00761BFB /* bigbenstrikes.m4a */,
				1475A951169EF99C00761BFB /* hourlychimebeg.mp3 */,
				1475A952169EF99C00761BFB /* hourlychimebeg.m4a */,
				1475A953169EF99C00761BFB /* bigbenstrikes.mp3 */,
				1475A935169EF79800761BFB /* ChimeClockHD-Info.plist */,
				1475A936169EF79800761BFB /* InfoPlist.strings */,
				1475A939169EF79800761BFB /* main.m */,
				1475A93B169EF79800761BFB /* ChimeClockHD-Prefix.pch */,
			);
			name = "Supporting Files";
			sourceTree = "<group>";
		};
/* End PBXGroup section */

/* Begin PBXNativeTarget section */
		1475A928169EF79700761BFB /* ChimeClockHD */ = {
			isa = PBXNativeTarget;
			buildConfigurationList = 1475A947169EF79800761BFB /* Build configuration list for PBXNativeTarget "ChimeClockHD" */;
			buildPhases = (
				1475A925169EF79700761BFB /* Sources */,
				1475A926169EF79700761BFB /* Frameworks */,
				1475A927169EF79700761BFB /* Resources */,
			);
			buildRules = (
			);
			dependencies = (
			);
			name = ChimeClockHD;
			productName = ChimeClockHD;
			productReference = 1475A929169EF79800761BFB /* ChimeClockHD.app */;
			productType = "com.apple.product-type.application";
		};
/* End PBXNativeTarget section */

/* Begin PBXProject section */
		1475A920169EF79700761BFB /* Project object */ = {
			isa = PBXProject;
			attributes = {
				LastUpgradeCheck = 0430;
				ORGANIZATIONNAME = Shandongjingjixueyuan;
			};
			buildConfigurationList = 1475A923169EF79700761BFB /* Build configuration list for PBXProject "ChimeClockHD" */;
			compatibilityVersion = "Xcode 3.2";
			developmentRegion = English;
			hasScannedForEncodings = 0;
			knownRegions = (
				en,
			);
			mainGroup = 1475A91E169EF79700761BFB;
			productRefGroup = 1475A92A169EF79800761BFB /* Products */;
			projectDirPath = "";
			projectRoot = "";
			targets = (
				1475A928169EF79700761BFB /* ChimeClockHD */,
			);
		};
/* End PBXProject section */

/* Begin PBXResourcesBuildPhase section */
		1475A927169EF79700761BFB /* Resources */ = {
			isa = PBXResourcesBuildPhase;
			buildActionMask = 2147483647;
			files = (
				1475A938169EF79800761BFB /* InfoPlist.strings in Resources */,
				1475A944169EF79800761BFB /* ViewController.xib in Resources */,
				1475A954169EF99C00761BFB /* bigbenstrikes.m4a in Resources */,
				1475A955169EF99C00761BFB /* hourlychimebeg.mp3 in Resources */,
				1475A956169EF99C00761BFB /* hourlychimebeg.m4a in Resources */,
				1475A957169EF99C00761BFB /* bigbenstrikes.mp3 in Resources */,
				14A9B1B016A2493900726923 /* ViewController_iPhone.xib in Resources */,
				14FC26B416A2CA5900BD860C /* SetViewController_iPhone.xib in Resources */,
			);
			runOnlyForDeploymentPostprocessing = 0;
		};
/* End PBXResourcesBuildPhase section */

/* Begin PBXSourcesBuildPhase section */
		1475A925169EF79700761BFB /* Sources */ = {
			isa = PBXSourcesBuildPhase;
			buildActionMask = 2147483647;
			files = (
				1475A93A169EF79800761BFB /* main.m in Sources */,
				1475A93E169EF79800761BFB /* AppDelegate.m in Sources */,
				1475A941169EF79800761BFB /* ViewController.m in Sources */,
				14A9B1AF16A2493900726923 /* ViewController_iPhone.m in Sources */,
				14FC26B316A2CA5900BD860C /* SetViewController_iPhone.m in Sources */,
			);
			runOnlyForDeploymentPostprocessing = 0;
		};
/* End PBXSourcesBuildPhase section */

/* Begin PBXVariantGroup section */
		1475A936169EF79800761BFB /* InfoPlist.strings */ = {
			isa = PBXVariantGroup;
			children = (
				1475A937169EF79800761BFB /* en */,
			);
			name = InfoPlist.strings;
			sourceTree = "<group>";
		};
		1475A942169EF79800761BFB /* ViewController.xib */ = {
			isa = PBXVariantGroup;
			children = (
				1475A943169EF79800761BFB /* en */,
			);
			name = ViewController.xib;
			sourceTree = "<group>";
		};
/* End PBXVariantGroup section */

/* Begin XCBuildConfiguration section */
		1475A945169EF79800761BFB /* Debug */ = {
			isa = XCBuildConfiguration;
			buildSettings = {
				ALWAYS_SEARCH_USER_PATHS = NO;
				ARCHS = "$(ARCHS_STANDARD_32_BIT)";
				CODE_SIGN_IDENTITY = "iPhone Developer: 长春 任 (5X54N4CTZ7)";
				"CODE_SIGN_IDENTITY[sdk=iphoneos*]" = "iPhone Developer: 长春 任 (5X54N4CTZ7)";
				COPY_PHASE_STRIP = NO;
				GCC_C_LANGUAGE_STANDARD = gnu99;
				GCC_DYNAMIC_NO_PIC = NO;
				GCC_OPTIMIZATION_LEVEL = 0;
				GCC_PREPROCESSOR_DEFINITIONS = (
					"DEBUG=1",
					"$(inherited)",
				);
				GCC_SYMBOLS_PRIVATE_EXTERN = NO;
				GCC_VERSION = com.apple.compilers.llvm.clang.1_0;
				GCC_WARN_ABOUT_RETURN_TYPE = YES;
				GCC_WARN_UNINITIALIZED_AUTOS = YES;
				GCC_WARN_UNUSED_VARIABLE = YES;
				IPHONEOS_DEPLOYMENT_TARGET = 5.1;
				PROVISIONING_PROFILE = "66FB0103-FBF1-4775-BAD9-6523658F3E39";
				"PROVISIONING_PROFILE[sdk=iphoneos*]" = "66FB0103-FBF1-4775-BAD9-6523658F3E39";
				SDKROOT = iphoneos;
				TARGETED_DEVICE_FAMILY = "1,2";
			};
			name = Debug;
		};
		1475A946169EF79800761BFB /* Release */ = {
			isa = XCBuildConfiguration;
			buildSettings = {
				ALWAYS_SEARCH_USER_PATHS = NO;
				ARCHS = "$(ARCHS_STANDARD_32_BIT)";
				CODE_SIGN_IDENTITY = "iPhone Developer: 长春 任 (5X54N4CTZ7)";
				"CODE_SIGN_IDENTITY[sdk=iphoneos*]" = "iPhone Developer: 长春 任 (5X54N4CTZ7)";
				COPY_PHASE_STRIP = YES;
				GCC_C_LANGUAGE_STANDARD = gnu99;
				GCC_VERSION = com.apple.compilers.llvm.clang.1_0;
				GCC_WARN_ABOUT_RETURN_TYPE = YES;
				GCC_WARN_UNINITIALIZED_AUTOS = YES;
				GCC_WARN_UNUSED_VARIABLE = YES;
				IPHONEOS_DEPLOYMENT_TARGET = 5.1;
				OTHER_CFLAGS = "-DNS_BLOCK_ASSERTIONS=1";
				PROVISIONING_PROFILE = "66FB0103-FBF1-4775-BAD9-6523658F3E39";
				"PROVISIONING_PROFILE[sdk=iphoneos*]" = "66FB0103-FBF1-4775-BAD9-6523658F3E39";
				SDKROOT = iphoneos;
				TARGETED_DEVICE_FAMILY = "1,2";
				VALIDATE_PRODUCT = YES;
			};
			name = Release;
		};
		1475A948169EF79800761BFB /* Debug */ = {
			isa = XCBuildConfiguration;
			buildSettings = {
				CODE_SIGN_IDENTITY = "iPhone Developer: 长春 任 (5X54N4CTZ7)";
				"CODE_SIGN_IDENTITY[sdk=iphoneos*]" = "iPhone Developer: 长春 任 (5X54N4CTZ7)";
				GCC_PRECOMPILE_PREFIX_HEADER = YES;
				GCC_PREFIX_HEADER = "ChimeClockHD/ChimeClockHD-Prefix.pch";
				INFOPLIST_FILE = "ChimeClockHD/ChimeClockHD-Info.plist";
				PRODUCT_NAME = "$(TARGET_NAME)";
				PROVISIONING_PROFILE = "66FB0103-FBF1-4775-BAD9-6523658F3E39";
				"PROVISIONING_PROFILE[sdk=iphoneos*]" = "66FB0103-FBF1-4775-BAD9-6523658F3E39";
				TARGETED_DEVICE_FAMILY = "1,2";
				WRAPPER_EXTENSION = app;
			};
			name = Debug;
		};
		1475A949169EF79800761BFB /* Release */ = {
			isa = XCBuildConfiguration;
			buildSettings = {
				CODE_SIGN_IDENTITY = "iPhone Developer: 长春 任 (5X54N4CTZ7)";
				"CODE_SIGN_IDENTITY[sdk=iphoneos*]" = "iPhone Developer: 长春 任 (5X54N4CTZ7)";
				GCC_PRECOMPILE_PREFIX_HEADER = YES;
				GCC_PREFIX_HEADER = "ChimeClockHD/ChimeClockHD-Prefix.pch";
				INFOPLIST_FILE = "ChimeClockHD/ChimeClockHD-Info.plist";
				PRODUCT_NAME = "$(TARGET_NAME)";
				PROVISIONING_PROFILE = "66FB0103-FBF1-4775-BAD9-6523658F3E39";
				"PROVISIONING_PROFILE[sdk=iphoneos*]" = "66FB0103-FBF1-4775-BAD9-6523658F3E39";
				TARGETED_DEVICE_FAMILY = "1,2";
				WRAPPER_EXTENSION = app;
			};
			name = Release;
		};
/* End XCBuildConfiguration section */

/* Begin XCConfigurationList section */
		1475A923169EF79700761BFB /* Build configuration list for PBXProject "ChimeClockHD" */ = {
			isa = XCConfigurationList;
			buildConfigurations = (
				1475A945169EF79800761BFB /* Debug */,
				1475A946169EF79800761BFB /* Release */,
			);
			defaultConfigurationIsVisible = 0;
			defaultConfigurationName = Release;
		};
		1475A947169EF79800761BFB /* Build configuration list for PBXNativeTarget "ChimeClockHD" */ = {
			isa = XCConfigurationList;
			buildConfigurations = (
				1475A948169EF79800761BFB /* Debug */,
				1475A949169EF79800761BFB /* Release */,
			);
			defaultConfigurationIsVisible = 0;
			defaultConfigurationName = Release;
		};
/* End XCConfigurationList section */
	};
	rootObject = 1475A920169EF79700761BFB /* Project object */;
}
